
Microsoft Visual Studio Solution File, Format Version 12.00
# Visual Studio Version 16
VisualStudioVersion = 16.0.32413.511
MinimumVisualStudioVersion = 10.0.40219.1
Project("{FAE04EC0-301F-11D3-BF4B-00C04F79EFBC}") = "StorageManagerApp", "StorageManagerApp\StorageManagerApp.csproj", "{99BE38B1-5946-428B-BC47-3F92A5097D47}"
EndProject
Project("{00D1A9C2-B5F0-4AF3-8072-F6C62B433612}") = "SMstorage", "SMstorage\SMstorage.sqlproj", "{BF0B38FE-918E-43FE-9635-0431A23239EB}"
EndProject
Global
	GlobalSection(SolutionConfigurationPlatforms) = preSolution
		Debug|Any CPU = Debug|Any CPU
		Release|Any CPU = Release|Any CPU
	EndGlobalSection
	GlobalSection(ProjectConfigurationPlatforms) = postSolution
		{99BE38B1-5946-428B-BC47-3F92A5097D47}.Debug|Any CPU.ActiveCfg = Debug|Any CPU
		{99BE38B1-5946-428B-BC47-3F92A5097D47}.Debug|Any CPU.Build.0 = Debug|Any CPU
		{99BE38B1-5946-428B-BC47-3F92A5097D47}.Release|Any CPU.ActiveCfg = Release|Any CPU
		{99BE38B1-5946-428B-BC47-3F92A5097D47}.Release|Any CPU.Build.0 = Release|Any CPU
		{BF0B38FE-918E-43FE-9635-0431A23239EB}.Debug|Any CPU.ActiveCfg = Debug|Any CPU
		{BF0B38FE-918E-43FE-9635-0431A23239EB}.Debug|Any CPU.Build.0 = Debug|Any CPU
		{BF0B38FE-918E-43FE-9635-0431A23239EB}.Debug|Any CPU.Deploy.0 = Debug|Any CPU
		{BF0B38FE-918E-43FE-9635-0431A23239EB}.Release|Any CPU.ActiveCfg = Release|Any CPU
		{BF0B38FE-918E-43FE-9635-0431A23239EB}.Release|Any CPU.Build.0 = Release|Any CPU
		{BF0B38FE-918E-43FE-9635-0431A23239EB}.Release|Any CPU.Deploy.0 = Release|Any CPU
	EndGlobalSection
	GlobalSection(SolutionProperties) = preSolution
		HideSolutionNode = FALSE
	EndGlobalSection
	GlobalSection(ExtensibilityGlobals) = postSolution
		SolutionGuid = {5F7434BD-25DB-445D-BBF8-4413CA951F0C}
	EndGlobalSection
EndGlobal
